{
  "name": "anticore-dom",
  "version": "0.0.7",
  "lockfileVersion": 1,
  "requires": true,
  "dependencies": {
    "anticore-core": {
      "version": "0.0.15",
      "resolved": "https://registry.npmjs.org/anticore-core/-/anticore-core-0.0.15.tgz",
      "integrity": "sha512-7yJJNABSRm5Ad59e4pTpah/Hgf8liGiClRi8Ud1c2jTBYGJe/YwcxiFmnr+i5+P5XmDoUp2SV5FAJ2idksjBVg=="
    }
  }
}
