{
  "name": "anticore-dom",
  "version": "0.0.4",
  "lockfileVersion": 1,
  "requires": true,
  "dependencies": {
    "anticore-core": {
      "version": "0.0.14",
      "resolved": "https://registry.npmjs.org/anticore-core/-/anticore-core-0.0.14.tgz",
      "integrity": "sha512-BhjwDdZMrzW/tg/jxEirj2pTVrIUuaREI9u+m9ayhIEp6GVVKtzVJ+q579YpIzHSFDV/7LPcpZ5Cgb801w2G1w=="
    }
  }
}
